// !$*UTF8*$!
{
	archiveVersion = 1;
	classes = {
	};
	objectVersion = 46;
	objects = {

/* Begin PBXBuildFile section */
		D22E1CD71C15068900DD6644 /* AppDelegate.swift in Sources */ = {isa = PBXBuildFile; fileRef = D22E1CD61C15068900DD6644 /* AppDelegate.swift */; };
		D22E1CD91C15068900DD6644 /* ViewController.swift in Sources */ = {isa = PBXBuildFile; fileRef = D22E1CD81C15068900DD6644 /* ViewController.swift */; };
		D22E1CDC1C15068900DD6644 /* Main.storyboard in Resources */ = {isa = PBXBuildFile; fileRef = D22E1CDA1C15068900DD6644 /* Main.storyboard */; };
		D22E1CDE1C15068900DD6644 /* Assets.xcassets in Resources */ = {isa = PBXBuildFile; fileRef = D22E1CDD1C15068900DD6644 /* Assets.xcassets */; };
		D22E1CE11C15068900DD6644 /* LaunchScreen.storyboard in Resources */ = {isa = PBXBuildFile; fileRef = D22E1CDF1C15068900DD6644 /* LaunchScreen.storyboard */; };
		D22E1CE91C15132F00DD6644 /* SettingsViewController.swift in Sources */ = {isa = PBXBuildFile; fileRef = D22E1CE81C15132F00DD6644 /* SettingsViewController.swift */; };
/* End PBXBuildFile section */

/* Begin PBXFileReference section */
		D22E1CD31C15068900DD6644 /* tips.app */ = {isa = PBXFileReference; explicitFileType = wrapper.application; includeInIndex = 0; path = tips.app; sourceTree = BUILT_PRODUCTS_DIR; };
		D22E1CD61C15068900DD6644 /* AppDelegate.swift */ = {isa = PBXFileReference; lastKnownFileType = sourcecode.swift; path = AppDelegate.swift; sourceTree = "<group>"; };
		D22E1CD81C15068900DD6644 /* ViewController.swift */ = {isa = PBXFileReference; lastKnownFileType = sourcecode.swift; path = ViewController.swift; sourceTree = "<group>"; };
		D22E1CDB1C15068900DD6644 /* Base */ = {isa = PBXFileReference; lastKnownFileType = file.storyboard; name = Base; path = Base.lproj/Main.storyboard; sourceTree = "<group>"; };
		D22E1CDD1C15068900DD6644 /* Assets.xcassets */ = {isa = PBXFileReference; lastKnownFileType = folder.assetcatalog; path = Assets.xcassets; sourceTree = "<group>"; };
		D22E1CE01C15068900DD6644 /* Base */ = {isa = PBXFileReference; lastKnownFileType = file.storyboard; name = Base; path = Base.lproj/LaunchScreen.storyboard; sourceTree = "<group>"; };
		D22E1CE21C15068900DD6644 /* Info.plist */ = {isa = PBXFileReference; lastKnownFileType = text.plist.xml; path = Info.plist; sourceTree = "<group>"; };
		D22E1CE81C15132F00DD6644 /* SettingsViewController.swift */ = {isa = PBXFileReference; fileEncoding = 4; lastKnownFileType = sourcecode.swift; name = SettingsViewController.swift; path = "/Users/scott/iOS Development/tips/tips/SettingsViewController.swift"; sourceTree = "<absolute>"; };
/* End PBXFileReference section */

/* Begin PBXFrameworksBuildPhase section */
		D22E1CD01C15068900DD6644 /* Frameworks */ = {
			isa = PBXFrameworksBuildPhase;
			buildActionMask = 2147483647;
			files = (
			);
			runOnlyForDeploymentPostprocessing = 0;
		};
/* End PBXFrameworksBuildPhase section */

/* Begin PBXGroup section */
		D22E1CCA1C15068900DD6644 = {
			isa = PBXGroup;
			children = (
				D22E1CD51C15068900DD6644 /* tips */,
				D22E1CD41C15068900DD6644 /* Products */,
			);
			sourceTree = "<group>";
		};
		D22E1CD41C15068900DD6644 /* Products */ = {
			isa = PBXGroup;
			children = (
				D22E1CD31C15068900DD6644 /* tips.app */,
			);
			name = Products;
			sourceTree = "<group>";
		};
		D22E1CD51C15068900DD6644 /* tips */ = {
			isa = PBXGroup;
			children = (
				D22E1CD61C15068900DD6644 /* AppDelegate.swift */,
				D22E1CD81C15068900DD6644 /* ViewController.swift */,
				D22E1CE81C15132F00DD6644 /* SettingsViewController.swift */,
				D22E1CDA1C15068900DD6644 /* Main.storyboard */,
				D22E1CDD1C15068900DD6644 /* Assets.xcassets */,
				D22E1CDF1C15068900DD6644 /* LaunchScreen.storyboard */,
				D22E1CE21C15068900DD6644 /* Info.plist */,
			);
			path = tips;
			sourceTree = "<group>";
		};
/* End PBXGroup section */

/* Begin PBXNativeTarget section */
		D22E1CD21C15068900DD6644 /* tips */ = {
			isa = PBXNativeTarget;
			buildConfigurationList = D22E1CE51C15068900DD6644 /* Build configuration list for PBXNativeTarget "tips" */;
			buildPhases = (
				D22E1CCF1C15068900DD6644 /* Sources */,
				D22E1CD01C15068900DD6644 /* Frameworks */,
				D22E1CD11C15068900DD6644 /* Resources */,
			);
			buildRules = (
			);
			dependencies = (
			);
			name = tips;
			productName = tips;
			productReference = D22E1CD31C15068900DD6644 /* tips.app */;
			productType = "com.apple.product-type.application";
		};
/* End PBXNativeTarget section */

/* Begin PBXProject section */
		D22E1CCB1C15068900DD6644 /* Project object */ = {
			isa = PBXProject;
			attributes = {
				LastSwiftUpdateCheck = 0710;
				LastUpgradeCheck = 0710;
				ORGANIZATIONNAME = "Scott Kolodziej";
				TargetAttributes = {
					D22E1CD21C15068900DD6644 = {
						CreatedOnToolsVersion = 7.1.1;
						DevelopmentTeam = 65PP667T6T;
					};
				};
			};
			buildConfigurationList = D22E1CCE1C15068900DD6644 /* Build configuration list for PBXProject "tips" */;
			compatibilityVersion = "Xcode 3.2";
			developmentRegion = English;
			hasScannedForEncodings = 0;
			knownRegions = (
				en,
				Base,
			);
			mainGroup = D22E1CCA1C15068900DD6644;
			productRefGroup = D22E1CD41C15068900DD6644 /* Products */;
			projectDirPath = "";
			projectRoot = "";
			targets = (
				D22E1CD21C15068900DD6644 /* tips */,
			);
		};
/* End PBXProject section */

/* Begin PBXResourcesBuildPhase section */
		D22E1CD11C15068900DD6644 /* Resources */ = {
			isa = PBXResourcesBuildPhase;
			buildActionMask = 2147483647;
			files = (
				D22E1CE11C15068900DD6644 /* LaunchScreen.storyboard in Resources */,
				D22E1CDE1C15068900DD6644 /* Assets.xcassets in Resources */,
				D22E1CDC1C15068900DD6644 /* Main.storyboard in Resources */,
			);
			runOnlyForDeploymentPostprocessing = 0;
		};
/* End PBXResourcesBuildPhase section */

/* Begin PBXSourcesBuildPhase section */
		D22E1CCF1C15068900DD6644 /* Sources */ = {
			isa = PBXSourcesBuildPhase;
			buildActionMask = 2147483647;
			files = (
				D22E1CD91C15068900DD6644 /* ViewController.swift in Sources */,
				D22E1CD71C15068900DD6644 /* AppDelegate.swift in Sources */,
				D22E1CE91C15132F00DD6644 /* SettingsViewController.swift in Sources */,
			);
			runOnlyForDeploymentPostprocessing = 0;
		};
/* End PBXSourcesBuildPhase section */

/* Begin PBXVariantGroup section */
		D22E1CDA1C15068900DD6644 /* Main.storyboard */ = {
			isa = PBXVariantGroup;
			children = (
				D22E1CDB1C15068900DD6644 /* Base */,
			);
			name = Main.storyboard;
			sourceTree = "<group>";
		};
		D22E1CDF1C15068900DD6644 /* LaunchScreen.storyboard */ = {
			isa = PBXVariantGroup;
			children = (
				D22E1CE01C15068900DD6644 /* Base */,
			);
			name = LaunchScreen.storyboard;
			sourceTree = "<group>";
		};
/* End PBXVariantGroup section */

/* Begin XCBuildConfiguration section */
		D22E1CE31C15068900DD6644 /* Debug */ = {
			isa = XCBuildConfiguration;
			buildSettings = {
				ALWAYS_SEARCH_USER_PATHS = NO;
				CLANG_CXX_LANGUAGE_STANDARD = "gnu++0x";
				CLANG_CXX_LIBRARY = "libc++";
				CLANG_ENABLE_MODULES = YES;
				CLANG_ENABLE_OBJC_ARC = YES;
				CLANG_WARN_BOOL_CONVERSION = YES;
				CLANG_WARN_CONSTANT_CONVERSION = YES;
				CLANG_WARN_DIRECT_OBJC_ISA_USAGE = YES_ERROR;
				CLANG_WARN_EMPTY_BODY = YES;
				CLANG_WARN_ENUM_CONVERSION = YES;
				CLANG_WARN_INT_CONVERSION = YES;
				CLANG_WARN_OBJC_ROOT_CLASS = YES_ERROR;
				CLANG_WARN_UNREACHABLE_CODE = YES;
				CLANG_WARN__DUPLICATE_METHOD_MATCH = YES;
				"CODE_SIGN_IDENTITY[sdk=iphoneos*]" = "iPhone Developer";
				COPY_PHASE_STRIP = NO;
				DEBUG_INFORMATION_FORMAT = dwarf;
				ENABLE_STRICT_OBJC_MSGSEND = YES;
				ENABLE_TESTABILITY = YES;
				GCC_C_LANGUAGE_STANDARD = gnu99;
				GCC_DYNAMIC_NO_PIC = NO;
				GCC_NO_COMMON_BLOCKS = YES;
				GCC_OPTIMIZATION_LEVEL = 0;
				GCC_PREPROCESSOR_DEFINITIONS = (
					"DEBUG=1",
					"$(inherited)",
				);
				GCC_WARN_64_TO_32_BIT_CONVERSION = YES;
				GCC_WARN_ABOUT_RETURN_TYPE = YES_ERROR;
				GCC_WARN_UNDECLARED_SELECTOR = YES;
				GCC_WARN_UNINITIALIZED_AUTOS = YES_AGGRESSIVE;
				GCC_WARN_UNUSED_FUNCTION = YES;
				GCC_WARN_UNUSED_VARIABLE = YES;
				IPHONEOS_DEPLOYMENT_TARGET = 9.1;
				MTL_ENABLE_DEBUG_INFO = YES;
				ONLY_ACTIVE_ARCH = YES;
				SDKROOT = iphoneos;
				SWIFT_OPTIMIZATION_LEVEL = "-Onone";
			};
			name = Debug;
		};
		D22E1CE41C15068900DD6644 /* Release */ = {
			isa = XCBuildConfiguration;
			buildSettings = {
				ALWAYS_SEARCH_USER_PATHS = NO;
				CLANG_CXX_LANGUAGE_STANDARD = "gnu++0x";
				CLANG_CXX_LIBRARY = "libc++";
				CLANG_ENABLE_MODULES = YES;
				CLANG_ENABLE_OBJC_ARC = YES;
				CLANG_WARN_BOOL_CONVERSION = YES;
				CLANG_WARN_CONSTANT_CONVERSION = YES;
				CLANG_WARN_DIRECT_OBJC_ISA_USAGE = YES_ERROR;
				CLANG_WARN_EMPTY_BODY = YES;
				CLANG_WARN_ENUM_CONVERSION = YES;
				CLANG_WARN_INT_CONVERSION = YES;
				CLANG_WARN_OBJC_ROOT_CLASS = YES_ERROR;
				CLANG_WARN_UNREACHABLE_CODE = YES;
				CLANG_WARN__DUPLICATE_METHOD_MATCH = YES;
				"CODE_SIGN_IDENTITY[sdk=iphoneos*]" = "iPhone Developer";
				COPY_PHASE_STRIP = NO;
				DEBUG_INFORMATION_FORMAT = "dwarf-with-dsym";
				ENABLE_NS_ASSERTIONS = NO;
				ENABLE_STRICT_OBJC_MSGSEND = YES;
				GCC_C_LANGUAGE_STANDARD = gnu99;
				GCC_NO_COMMON_BLOCKS = YES;
				GCC_WARN_64_TO_32_BIT_CONVERSION = YES;
				GCC_WARN_ABOUT_RETURN_TYPE = YES_ERROR;
				GCC_WARN_UNDECLARED_SELECTOR = YES;
				GCC_WARN_UNINITIALIZED_AUTOS = YES_AGGRESSIVE;
				GCC_WARN_UNUSED_FUNCTION = YES;
				GCC_WARN_UNUSED_VARIABLE = YES;
				IPHONEOS_DEPLOYMENT_TARGET = 9.1;
				MTL_ENABLE_DEBUG_INFO = NO;
				SDKROOT = iphoneos;
				VALIDATE_PRODUCT = YES;
			};
			name = Release;
		};
		D22E1CE61C15068900DD6644 /* Debug */ = {
			isa = XCBuildConfiguration;
			buildSettings = {
				ASSETCATALOG_COMPILER_APPICON_NAME = AppIcon;
				CODE_SIGN_IDENTITY = "iPhone Developer";
				"CODE_SIGN_IDENTITY[sdk=iphoneos*]" = "iPhone Developer";
				INFOPLIST_FILE = tips/Info.plist;
				LD_RUNPATH_SEARCH_PATHS = "$(inherited) @executable_path/Frameworks";
				PRODUCT_BUNDLE_IDENTIFIER = com.scottkolo.tips;
				PRODUCT_NAME = "$(TARGET_NAME)";
				PROVISIONING_PROFILE = "";
			};
			name = Debug;
		};
		D22E1CE71C15068900DD6644 /* Release */ = {
			isa = XCBuildConfiguration;
			buildSettings = {
				ASSETCATALOG_COMPILER_APPICON_NAME = AppIcon;
				CODE_SIGN_IDENTITY = "iPhone Developer";
				"CODE_SIGN_IDENTITY[sdk=iphoneos*]" = "iPhone Developer";
				INFOPLIST_FILE = tips/Info.plist;
				LD_RUNPATH_SEARCH_PATHS = "$(inherited) @executable_path/Frameworks";
				PRODUCT_BUNDLE_IDENTIFIER = com.scottkolo.tips;
				PRODUCT_NAME = "$(TARGET_NAME)";
				PROVISIONING_PROFILE = "";
			};
			name = Release;
		};
/* End XCBuildConfiguration section */

/* Begin XCConfigurationList section */
		D22E1CCE1C15068900DD6644 /* Build configuration list for PBXProject "tips" */ = {
			isa = XCConfigurationList;
			buildConfigurations = (
				D22E1CE31C15068900DD6644 /* Debug */,
				D22E1CE41C15068900DD6644 /* Release */,
			);
			defaultConfigurationIsVisible = 0;
			defaultConfigurationName = Release;
		};
		D22E1CE51C15068900DD6644 /* Build configuration list for PBXNativeTarget "tips" */ = {
			isa = XCConfigurationList;
			buildConfigurations = (
				D22E1CE61C15068900DD6644 /* Debug */,
				D22E1CE71C15068900DD6644 /* Release */,
			);
			defaultConfigurationIsVisible = 0;
			defaultConfigurationName = Release;
		};
/* End XCConfigurationList section */
	};
	rootObject = D22E1CCB1C15068900DD6644 /* Project object */;
}
